
Microsoft Visual Studio Solution File, Format Version 12.00
# Visual Studio Version 17
VisualStudioVersion = 17.12.35707.178 d17.12
MinimumVisualStudioVersion = 10.0.40219.1
Project("{FAE04EC0-301F-11D3-BF4B-00C04F79EFBC}") = "AgriConnectSystem", "AgriConnectSystem\AgriConnectSystem.csproj", "{1576D7CA-E03B-4F99-9404-C5FB229ADD94}"
EndProject
Global
	GlobalSection(SolutionConfigurationPlatforms) = preSolution
		Debug|Any CPU = Debug|Any CPU
		Release|Any CPU = Release|Any CPU
	EndGlobalSection
	GlobalSection(ProjectConfigurationPlatforms) = postSolution
		{1576D7CA-E03B-4F99-9404-C5FB229ADD94}.Debug|Any CPU.ActiveCfg = Debug|Any CPU
		{1576D7CA-E03B-4F99-9404-C5FB229ADD94}.Debug|Any CPU.Build.0 = Debug|Any CPU
		{1576D7CA-E03B-4F99-9404-C5FB229ADD94}.Release|Any CPU.ActiveCfg = Release|Any CPU
		{1576D7CA-E03B-4F99-9404-C5FB229ADD94}.Release|Any CPU.Build.0 = Release|Any CPU
	EndGlobalSection
	GlobalSection(SolutionProperties) = preSolution
		HideSolutionNode = FALSE
	EndGlobalSection
EndGlobal
